
Microsoft Visual Studio Solution File, Format Version 12.00
# Visual Studio 2013
VisualStudioVersion = 12.0.21005.1
MinimumVisualStudioVersion = 10.0.40219.1
Project("{D2ABAB84-BF74-430A-B69E-9DC6D40DDA17}") = "SalesAnalysis", "SalesAnalysis\SalesAnalysis.dwproj", "{BA7EA809-F5B9-4FB1-A189-9074B1334BAD}"
EndProject
Global
	GlobalSection(SolutionConfigurationPlatforms) = preSolution
		Development|Default = Development|Default
	EndGlobalSection
	GlobalSection(ProjectConfigurationPlatforms) = postSolution
		{BA7EA809-F5B9-4FB1-A189-9074B1334BAD}.Development|Default.ActiveCfg = Development
		{BA7EA809-F5B9-4FB1-A189-9074B1334BAD}.Development|Default.Build.0 = Development
		{BA7EA809-F5B9-4FB1-A189-9074B1334BAD}.Development|Default.Deploy.0 = Development
	EndGlobalSection
	GlobalSection(SolutionProperties) = preSolution
		HideSolutionNode = FALSE
	EndGlobalSection
EndGlobal
