
Microsoft Visual Studio Solution File, Format Version 12.00
# Visual Studio 2013
VisualStudioVersion = 12.0.21005.1
MinimumVisualStudioVersion = 10.0.40219.1
Project("{D2ABAB84-BF74-430A-B69E-9DC6D40DDA17}") = "onlineSales", "olaponlineSales\onlineSales.dwproj", "{57016753-2C0C-4012-A731-707D5E83E60A}"
EndProject
Global
	GlobalSection(SolutionConfigurationPlatforms) = preSolution
		Development|Default = Development|Default
	EndGlobalSection
	GlobalSection(ProjectConfigurationPlatforms) = postSolution
		{57016753-2C0C-4012-A731-707D5E83E60A}.Development|Default.ActiveCfg = Development
		{57016753-2C0C-4012-A731-707D5E83E60A}.Development|Default.Build.0 = Development
		{57016753-2C0C-4012-A731-707D5E83E60A}.Development|Default.Deploy.0 = Development
	EndGlobalSection
	GlobalSection(SolutionProperties) = preSolution
		HideSolutionNode = FALSE
	EndGlobalSection
EndGlobal
